
Microsoft Visual Studio Solution File, Format Version 12.00
# Visual Studio Version 16
VisualStudioVersion = 16.0.29409.12
MinimumVisualStudioVersion = 10.0.40219.1
Project("{FAE04EC0-301F-11D3-BF4B-00C04F79EFBC}") = "IEnumerable", "IEnumerable\IEnumerable.csproj", "{C0C234AF-9F57-4545-8B8C-24020E1EEA25}"
EndProject
Global
	GlobalSection(SolutionConfigurationPlatforms) = preSolution
		Debug|Any CPU = Debug|Any CPU
		Release|Any CPU = Release|Any CPU
	EndGlobalSection
	GlobalSection(ProjectConfigurationPlatforms) = postSolution
		{C0C234AF-9F57-4545-8B8C-24020E1EEA25}.Debug|Any CPU.ActiveCfg = Debug|Any CPU
		{C0C234AF-9F57-4545-8B8C-24020E1EEA25}.Debug|Any CPU.Build.0 = Debug|Any CPU
		{C0C234AF-9F57-4545-8B8C-24020E1EEA25}.Release|Any CPU.ActiveCfg = Release|Any CPU
		{C0C234AF-9F57-4545-8B8C-24020E1EEA25}.Release|Any CPU.Build.0 = Release|Any CPU
	EndGlobalSection
	GlobalSection(SolutionProperties) = preSolution
		HideSolutionNode = FALSE
	EndGlobalSection
	GlobalSection(ExtensibilityGlobals) = postSolution
		SolutionGuid = {2E68A709-63A8-487C-8DC2-22F06F1DC914}
	EndGlobalSection
EndGlobal
